// !$*UTF8*$!
{
	archiveVersion = 1;
	classes = {
	};
	objectVersion = 46;
	objects = {

/* Begin PBXBuildFile section */
		49F1CFE31E54E9230054495C /* MacDownTinkerPlugin.swift in Sources */ = {isa = PBXBuildFile; fileRef = 49F1CFE21E54E9230054495C /* MacDownTinkerPlugin.swift */; };
		49F1CFE71E54FB4B0054495C /* MacDownTinkerPlugin.plugin in CopyFiles */ = {isa = PBXBuildFile; fileRef = 49F1CFD81E54E4F30054495C /* MacDownTinkerPlugin.plugin */; };
/* End PBXBuildFile section */

/* Begin PBXCopyFilesBuildPhase section */
		49F1CFE61E54FAD50054495C /* CopyFiles */ = {
			isa = PBXCopyFilesBuildPhase;
			buildActionMask = 2147483647;
			dstPath = "~/Library/Application Support/MacDown/PlugIns";
			dstSubfolderSpec = 0;
			files = (
				49F1CFE71E54FB4B0054495C /* MacDownTinkerPlugin.plugin in CopyFiles */,
			);
			runOnlyForDeploymentPostprocessing = 0;
		};
/* End PBXCopyFilesBuildPhase section */

/* Begin PBXFileReference section */
		49F1CFD81E54E4F30054495C /* MacDownTinkerPlugin.plugin */ = {isa = PBXFileReference; explicitFileType = wrapper.cfbundle; includeInIndex = 0; path = MacDownTinkerPlugin.plugin; sourceTree = BUILT_PRODUCTS_DIR; };
		49F1CFDB1E54E4F30054495C /* Info.plist */ = {isa = PBXFileReference; lastKnownFileType = text.plist.xml; path = Info.plist; sourceTree = "<group>"; };
		49F1CFE11E54E9230054495C /* MacDownTinkerPlugin-Bridging-Header.h */ = {isa = PBXFileReference; lastKnownFileType = sourcecode.c.h; path = "MacDownTinkerPlugin-Bridging-Header.h"; sourceTree = "<group>"; };
		49F1CFE21E54E9230054495C /* MacDownTinkerPlugin.swift */ = {isa = PBXFileReference; fileEncoding = 4; lastKnownFileType = sourcecode.swift; path = MacDownTinkerPlugin.swift; sourceTree = "<group>"; };
		49F1CFE41E54ED3E0054495C /* README.md */ = {isa = PBXFileReference; fileEncoding = 4; lastKnownFileType = net.daringfireball.markdown; path = README.md; sourceTree = "<group>"; };
/* End PBXFileReference section */

/* Begin PBXFrameworksBuildPhase section */
		49F1CFD51E54E4F20054495C /* Frameworks */ = {
			isa = PBXFrameworksBuildPhase;
			buildActionMask = 2147483647;
			files = (
			);
			runOnlyForDeploymentPostprocessing = 0;
		};
/* End PBXFrameworksBuildPhase section */

/* Begin PBXGroup section */
		49F1CFCF1E54E4F20054495C = {
			isa = PBXGroup;
			children = (
				49F1CFE41E54ED3E0054495C /* README.md */,
				49F1CFDA1E54E4F30054495C /* MacDownTinkerPlugin */,
				49F1CFD91E54E4F30054495C /* Products */,
			);
			sourceTree = "<group>";
		};
		49F1CFD91E54E4F30054495C /* Products */ = {
			isa = PBXGroup;
			children = (
				49F1CFD81E54E4F30054495C /* MacDownTinkerPlugin.plugin */,
			);
			name = Products;
			sourceTree = "<group>";
		};
		49F1CFDA1E54E4F30054495C /* MacDownTinkerPlugin */ = {
			isa = PBXGroup;
			children = (
				49F1CFDB1E54E4F30054495C /* Info.plist */,
				49F1CFE21E54E9230054495C /* MacDownTinkerPlugin.swift */,
				49F1CFE11E54E9230054495C /* MacDownTinkerPlugin-Bridging-Header.h */,
			);
			path = MacDownTinkerPlugin;
			sourceTree = "<group>";
		};
/* End PBXGroup section */

/* Begin PBXNativeTarget section */
		49F1CFD71E54E4F20054495C /* MacDownTinkerPlugin */ = {
			isa = PBXNativeTarget;
			buildConfigurationList = 49F1CFDE1E54E4F30054495C /* Build configuration list for PBXNativeTarget "MacDownTinkerPlugin" */;
			buildPhases = (
				49F1CFD41E54E4F20054495C /* Sources */,
				49F1CFD51E54E4F20054495C /* Frameworks */,
				49F1CFD61E54E4F20054495C /* Resources */,
				49F1CFE61E54FAD50054495C /* CopyFiles */,
			);
			buildRules = (
			);
			dependencies = (
			);
			name = MacDownTinkerPlugin;
			productName = MacDownTinkerPlugin;
			productReference = 49F1CFD81E54E4F30054495C /* MacDownTinkerPlugin.plugin */;
			productType = "com.apple.product-type.bundle";
		};
/* End PBXNativeTarget section */

/* Begin PBXProject section */
		49F1CFD01E54E4F20054495C /* Project object */ = {
			isa = PBXProject;
			attributes = {
				LastUpgradeCheck = 0820;
				ORGANIZATIONNAME = "marc-medley";
				TargetAttributes = {
					49F1CFD71E54E4F20054495C = {
						CreatedOnToolsVersion = 8.2.1;
						DevelopmentTeam = FCYU6566RZ;
						LastSwiftMigration = 0820;
						ProvisioningStyle = Automatic;
					};
				};
			};
			buildConfigurationList = 49F1CFD31E54E4F20054495C /* Build configuration list for PBXProject "MacDownTinkerPlugin" */;
			compatibilityVersion = "Xcode 3.2";
			developmentRegion = English;
			hasScannedForEncodings = 0;
			knownRegions = (
				en,
			);
			mainGroup = 49F1CFCF1E54E4F20054495C;
			productRefGroup = 49F1CFD91E54E4F30054495C /* Products */;
			projectDirPath = "";
			projectRoot = "";
			targets = (
				49F1CFD71E54E4F20054495C /* MacDownTinkerPlugin */,
			);
		};
/* End PBXProject section */

/* Begin PBXResourcesBuildPhase section */
		49F1CFD61E54E4F20054495C /* Resources */ = {
			isa = PBXResourcesBuildPhase;
			buildActionMask = 2147483647;
			files = (
			);
			runOnlyForDeploymentPostprocessing = 0;
		};
/* End PBXResourcesBuildPhase section */

/* Begin PBXSourcesBuildPhase section */
		49F1CFD41E54E4F20054495C /* Sources */ = {
			isa = PBXSourcesBuildPhase;
			buildActionMask = 2147483647;
			files = (
				49F1CFE31E54E9230054495C /* MacDownTinkerPlugin.swift in Sources */,
			);
			runOnlyForDeploymentPostprocessing = 0;
		};
/* End PBXSourcesBuildPhase section */

/* Begin XCBuildConfiguration section */
		49F1CFDC1E54E4F30054495C /* Debug */ = {
			isa = XCBuildConfiguration;
			buildSettings = {
				ALWAYS_SEARCH_USER_PATHS = NO;
				CLANG_ANALYZER_NONNULL = YES;
				CLANG_CXX_LANGUAGE_STANDARD = "gnu++0x";
				CLANG_CXX_LIBRARY = "libc++";
				CLANG_ENABLE_MODULES = YES;
				CLANG_ENABLE_OBJC_ARC = YES;
				CLANG_WARN_BOOL_CONVERSION = YES;
				CLANG_WARN_CONSTANT_CONVERSION = YES;
				CLANG_WARN_DIRECT_OBJC_ISA_USAGE = YES_ERROR;
				CLANG_WARN_DOCUMENTATION_COMMENTS = YES;
				CLANG_WARN_EMPTY_BODY = YES;
				CLANG_WARN_ENUM_CONVERSION = YES;
				CLANG_WARN_INFINITE_RECURSION = YES;
				CLANG_WARN_INT_CONVERSION = YES;
				CLANG_WARN_OBJC_ROOT_CLASS = YES_ERROR;
				CLANG_WARN_SUSPICIOUS_MOVE = YES;
				CLANG_WARN_UNREACHABLE_CODE = YES;
				CLANG_WARN__DUPLICATE_METHOD_MATCH = YES;
				CODE_SIGN_IDENTITY = "-";
				COPY_PHASE_STRIP = NO;
				DEBUG_INFORMATION_FORMAT = dwarf;
				ENABLE_STRICT_OBJC_MSGSEND = YES;
				ENABLE_TESTABILITY = YES;
				GCC_C_LANGUAGE_STANDARD = gnu99;
				GCC_DYNAMIC_NO_PIC = NO;
				GCC_NO_COMMON_BLOCKS = YES;
				GCC_OPTIMIZATION_LEVEL = 0;
				GCC_PREPROCESSOR_DEFINITIONS = (
					"DEBUG=1",
					"$(inherited)",
				);
				GCC_WARN_64_TO_32_BIT_CONVERSION = YES;
				GCC_WARN_ABOUT_RETURN_TYPE = YES_ERROR;
				GCC_WARN_UNDECLARED_SELECTOR = YES;
				GCC_WARN_UNINITIALIZED_AUTOS = YES_AGGRESSIVE;
				GCC_WARN_UNUSED_FUNCTION = YES;
				GCC_WARN_UNUSED_VARIABLE = YES;
				MACOSX_DEPLOYMENT_TARGET = 10.12;
				MTL_ENABLE_DEBUG_INFO = YES;
				ONLY_ACTIVE_ARCH = YES;
				SDKROOT = macosx;
			};
			name = Debug;
		};
		49F1CFDD1E54E4F30054495C /* Release */ = {
			isa = XCBuildConfiguration;
			buildSettings = {
				ALWAYS_SEARCH_USER_PATHS = NO;
				CLANG_ANALYZER_NONNULL = YES;
				CLANG_CXX_LANGUAGE_STANDARD = "gnu++0x";
				CLANG_CXX_LIBRARY = "libc++";
				CLANG_ENABLE_MODULES = YES;
				CLANG_ENABLE_OBJC_ARC = YES;
				CLANG_WARN_BOOL_CONVERSION = YES;
				CLANG_WARN_CONSTANT_CONVERSION = YES;
				CLANG_WARN_DIRECT_OBJC_ISA_USAGE = YES_ERROR;
				CLANG_WARN_DOCUMENTATION_COMMENTS = YES;
				CLANG_WARN_EMPTY_BODY = YES;
				CLANG_WARN_ENUM_CONVERSION = YES;
				CLANG_WARN_INFINITE_RECURSION = YES;
				CLANG_WARN_INT_CONVERSION = YES;
				CLANG_WARN_OBJC_ROOT_CLASS = YES_ERROR;
				CLANG_WARN_SUSPICIOUS_MOVE = YES;
				CLANG_WARN_UNREACHABLE_CODE = YES;
				CLANG_WARN__DUPLICATE_METHOD_MATCH = YES;
				CODE_SIGN_IDENTITY = "-";
				COPY_PHASE_STRIP = NO;
				DEBUG_INFORMATION_FORMAT = "dwarf-with-dsym";
				ENABLE_NS_ASSERTIONS = NO;
				ENABLE_STRICT_OBJC_MSGSEND = YES;
				GCC_C_LANGUAGE_STANDARD = gnu99;
				GCC_NO_COMMON_BLOCKS = YES;
				GCC_WARN_64_TO_32_BIT_CONVERSION = YES;
				GCC_WARN_ABOUT_RETURN_TYPE = YES_ERROR;
				GCC_WARN_UNDECLARED_SELECTOR = YES;
				GCC_WARN_UNINITIALIZED_AUTOS = YES_AGGRESSIVE;
				GCC_WARN_UNUSED_FUNCTION = YES;
				GCC_WARN_UNUSED_VARIABLE = YES;
				MACOSX_DEPLOYMENT_TARGET = 10.12;
				MTL_ENABLE_DEBUG_INFO = NO;
				SDKROOT = macosx;
			};
			name = Release;
		};
		49F1CFDF1E54E4F30054495C /* Debug */ = {
			isa = XCBuildConfiguration;
			buildSettings = {
				ALWAYS_EMBED_SWIFT_STANDARD_LIBRARIES = YES;
				CLANG_ENABLE_MODULES = YES;
				COMBINE_HIDPI_IMAGES = YES;
				DEVELOPMENT_TEAM = FCYU6566RZ;
				INFOPLIST_FILE = MacDownTinkerPlugin/Info.plist;
				INSTALL_PATH = "$(LOCAL_LIBRARY_DIR)/Bundles";
				LD_RUNPATH_SEARCH_PATHS = "$(inherited) @executable_path/../Frameworks @loader_path/../Frameworks";
				PRODUCT_BUNDLE_IDENTIFIER = com.example.tinker.MacDownTinkerPlugin;
				PRODUCT_NAME = "$(TARGET_NAME)";
				SKIP_INSTALL = YES;
				SWIFT_OBJC_BRIDGING_HEADER = "MacDownTinkerPlugin/MacDownTinkerPlugin-Bridging-Header.h";
				SWIFT_OPTIMIZATION_LEVEL = "-Onone";
				SWIFT_VERSION = 3.0;
				WRAPPER_EXTENSION = plugin;
			};
			name = Debug;
		};
		49F1CFE01E54E4F30054495C /* Release */ = {
			isa = XCBuildConfiguration;
			buildSettings = {
				ALWAYS_EMBED_SWIFT_STANDARD_LIBRARIES = YES;
				CLANG_ENABLE_MODULES = YES;
				COMBINE_HIDPI_IMAGES = YES;
				DEVELOPMENT_TEAM = FCYU6566RZ;
				INFOPLIST_FILE = MacDownTinkerPlugin/Info.plist;
				INSTALL_PATH = "$(LOCAL_LIBRARY_DIR)/Bundles";
				LD_RUNPATH_SEARCH_PATHS = "$(inherited) @executable_path/../Frameworks @loader_path/../Frameworks";
				PRODUCT_BUNDLE_IDENTIFIER = com.example.tinker.MacDownTinkerPlugin;
				PRODUCT_NAME = "$(TARGET_NAME)";
				SKIP_INSTALL = YES;
				SWIFT_OBJC_BRIDGING_HEADER = "MacDownTinkerPlugin/MacDownTinkerPlugin-Bridging-Header.h";
				SWIFT_VERSION = 3.0;
				WRAPPER_EXTENSION = plugin;
			};
			name = Release;
		};
/* End XCBuildConfiguration section */

/* Begin XCConfigurationList section */
		49F1CFD31E54E4F20054495C /* Build configuration list for PBXProject "MacDownTinkerPlugin" */ = {
			isa = XCConfigurationList;
			buildConfigurations = (
				49F1CFDC1E54E4F30054495C /* Debug */,
				49F1CFDD1E54E4F30054495C /* Release */,
			);
			defaultConfigurationIsVisible = 0;
			defaultConfigurationName = Release;
		};
		49F1CFDE1E54E4F30054495C /* Build configuration list for PBXNativeTarget "MacDownTinkerPlugin" */ = {
			isa = XCConfigurationList;
			buildConfigurations = (
				49F1CFDF1E54E4F30054495C /* Debug */,
				49F1CFE01E54E4F30054495C /* Release */,
			);
			defaultConfigurationIsVisible = 0;
			defaultConfigurationName = Release;
		};
/* End XCConfigurationList section */
	};
	rootObject = 49F1CFD01E54E4F20054495C /* Project object */;
}
